
Microsoft Visual Studio Solution File, Format Version 12.00
# Visual Studio Version 17
VisualStudioVersion = 17.3.32929.385
MinimumVisualStudioVersion = 10.0.40219.1
Project("{FAE04EC0-301F-11D3-BF4B-00C04F79EFBC}") = "421", "421.csproj", "{D5B77A13-C5C1-48A5-99FF-CE2C846868C7}"
EndProject
Global
	GlobalSection(SolutionConfigurationPlatforms) = preSolution
		Debug|Any CPU = Debug|Any CPU
		Release|Any CPU = Release|Any CPU
	EndGlobalSection
	GlobalSection(ProjectConfigurationPlatforms) = postSolution
		{D5B77A13-C5C1-48A5-99FF-CE2C846868C7}.Debug|Any CPU.ActiveCfg = Debug|Any CPU
		{D5B77A13-C5C1-48A5-99FF-CE2C846868C7}.Debug|Any CPU.Build.0 = Debug|Any CPU
		{D5B77A13-C5C1-48A5-99FF-CE2C846868C7}.Release|Any CPU.ActiveCfg = Release|Any CPU
		{D5B77A13-C5C1-48A5-99FF-CE2C846868C7}.Release|Any CPU.Build.0 = Release|Any CPU
	EndGlobalSection
	GlobalSection(SolutionProperties) = preSolution
		HideSolutionNode = FALSE
	EndGlobalSection
	GlobalSection(ExtensibilityGlobals) = postSolution
		SolutionGuid = {B91AC746-434F-4BC2-B23B-0D5796573478}
	EndGlobalSection
EndGlobal
